// !$*UTF8*$!
{
	archiveVersion = 1;
	classes = {
	};
	objectVersion = 51;
	objects = {

/* Begin PBXBuildFile section */
		3A8793385108E884F90082ED /* Pods_mindfull_front_end.framework in Frameworks */ = {isa = PBXBuildFile; fileRef = 3F9CA94D7593F074EF124E58 /* Pods_mindfull_front_end.framework */; };
		8A281F2F25CDCEFE00F9E74B /* NutritionDetailViewController.swift in Sources */ = {isa = PBXBuildFile; fileRef = 8A281F2E25CDCEFE00F9E74B /* NutritionDetailViewController.swift */; };
		8A281F3D25CDF22F00F9E74B /* FoodSearchBarViewController.swift in Sources */ = {isa = PBXBuildFile; fileRef = 8A281F3C25CDF22F00F9E74B /* FoodSearchBarViewController.swift */; };
		8A4D146725D2621400FA67ED /* FoodPageViewController.swift in Sources */ = {isa = PBXBuildFile; fileRef = 8A4D146625D2621400FA67ED /* FoodPageViewController.swift */; };
		8A53AAAF25D73C7400473517 /* UserDetail.swift in Sources */ = {isa = PBXBuildFile; fileRef = 8A53AAAE25D73C7400473517 /* UserDetail.swift */; };
		8AC89C0825D4B69800D52100 /* ApiRestActions.swift in Sources */ = {isa = PBXBuildFile; fileRef = 8AC89C0725D4B69800D52100 /* ApiRestActions.swift */; };
		8AC89C2825D65F1C00D52100 /* UserInfoViewController.swift in Sources */ = {isa = PBXBuildFile; fileRef = 8AC89C2725D65F1C00D52100 /* UserInfoViewController.swift */; };
		8AC89C2F25D6673F00D52100 /* SignInViewController.swift in Sources */ = {isa = PBXBuildFile; fileRef = 8AC89C2E25D6673F00D52100 /* SignInViewController.swift */; };
		8ACB300C25CB5DE800D1E680 /* AppDelegate.swift in Sources */ = {isa = PBXBuildFile; fileRef = 8ACB300B25CB5DE800D1E680 /* AppDelegate.swift */; };
		8ACB300E25CB5DE800D1E680 /* SceneDelegate.swift in Sources */ = {isa = PBXBuildFile; fileRef = 8ACB300D25CB5DE800D1E680 /* SceneDelegate.swift */; };
		8ACB301025CB5DE800D1E680 /* FoodListViewController.swift in Sources */ = {isa = PBXBuildFile; fileRef = 8ACB300F25CB5DE800D1E680 /* FoodListViewController.swift */; };
		8ACB301325CB5DE800D1E680 /* Main.storyboard in Resources */ = {isa = PBXBuildFile; fileRef = 8ACB301125CB5DE800D1E680 /* Main.storyboard */; };
		8ACB301525CB5DE900D1E680 /* Assets.xcassets in Resources */ = {isa = PBXBuildFile; fileRef = 8ACB301425CB5DE900D1E680 /* Assets.xcassets */; };
		8ACB301825CB5DE900D1E680 /* LaunchScreen.storyboard in Resources */ = {isa = PBXBuildFile; fileRef = 8ACB301625CB5DE900D1E680 /* LaunchScreen.storyboard */; };
		8ACB303C25CBBA6100D1E680 /* JournalViewController.swift in Sources */ = {isa = PBXBuildFile; fileRef = 8ACB303B25CBBA6100D1E680 /* JournalViewController.swift */; };
		8ACB304025CBF18900D1E680 /* FoodDetail.swift in Sources */ = {isa = PBXBuildFile; fileRef = 8ACB303F25CBF18900D1E680 /* FoodDetail.swift */; };
		8ACB304D25CC886800D1E680 /* NutritionPageViewController.swift in Sources */ = {isa = PBXBuildFile; fileRef = 8ACB304C25CC886800D1E680 /* NutritionPageViewController.swift */; };
		8ACD433925D1E40F00C953B9 /* DatabaseApi.swift in Sources */ = {isa = PBXBuildFile; fileRef = 8ACD433825D1E40F00C953B9 /* DatabaseApi.swift */; };
		8ACD433C25D1E81700C953B9 /* BackendData.swift in Sources */ = {isa = PBXBuildFile; fileRef = 8ACD433B25D1E81700C953B9 /* BackendData.swift */; };
		8ACD434525D1E9FA00C953B9 /* BackEndApiViewController.swift in Sources */ = {isa = PBXBuildFile; fileRef = 8ACD434425D1E9FA00C953B9 /* BackEndApiViewController.swift */; };
/* End PBXBuildFile section */

/* Begin PBXFileReference section */
		0022D8765E7D3AC6B1AAF23A /* Pods-mindfull-front-end.release.xcconfig */ = {isa = PBXFileReference; includeInIndex = 1; lastKnownFileType = text.xcconfig; name = "Pods-mindfull-front-end.release.xcconfig"; path = "Target Support Files/Pods-mindfull-front-end/Pods-mindfull-front-end.release.xcconfig"; sourceTree = "<group>"; };
		3F9CA94D7593F074EF124E58 /* Pods_mindfull_front_end.framework */ = {isa = PBXFileReference; explicitFileType = wrapper.framework; includeInIndex = 0; path = Pods_mindfull_front_end.framework; sourceTree = BUILT_PRODUCTS_DIR; };
		8A281F2E25CDCEFE00F9E74B /* NutritionDetailViewController.swift */ = {isa = PBXFileReference; lastKnownFileType = sourcecode.swift; path = NutritionDetailViewController.swift; sourceTree = "<group>"; };
		8A281F3C25CDF22F00F9E74B /* FoodSearchBarViewController.swift */ = {isa = PBXFileReference; lastKnownFileType = sourcecode.swift; path = FoodSearchBarViewController.swift; sourceTree = "<group>"; };
		8A4D146625D2621400FA67ED /* FoodPageViewController.swift */ = {isa = PBXFileReference; lastKnownFileType = sourcecode.swift; path = FoodPageViewController.swift; sourceTree = "<group>"; };
		8A53AAAE25D73C7400473517 /* UserDetail.swift */ = {isa = PBXFileReference; lastKnownFileType = sourcecode.swift; path = UserDetail.swift; sourceTree = "<group>"; };
		8AC89C0725D4B69800D52100 /* ApiRestActions.swift */ = {isa = PBXFileReference; lastKnownFileType = sourcecode.swift; path = ApiRestActions.swift; sourceTree = "<group>"; };
		8AC89C2725D65F1C00D52100 /* UserInfoViewController.swift */ = {isa = PBXFileReference; lastKnownFileType = sourcecode.swift; path = UserInfoViewController.swift; sourceTree = "<group>"; };
		8AC89C2E25D6673F00D52100 /* SignInViewController.swift */ = {isa = PBXFileReference; lastKnownFileType = sourcecode.swift; path = SignInViewController.swift; sourceTree = "<group>"; };
		8ACB300825CB5DE800D1E680 /* mindfull-front-end.app */ = {isa = PBXFileReference; explicitFileType = wrapper.application; includeInIndex = 0; path = "mindfull-front-end.app"; sourceTree = BUILT_PRODUCTS_DIR; };
		8ACB300B25CB5DE800D1E680 /* AppDelegate.swift */ = {isa = PBXFileReference; lastKnownFileType = sourcecode.swift; path = AppDelegate.swift; sourceTree = "<group>"; };
		8ACB300D25CB5DE800D1E680 /* SceneDelegate.swift */ = {isa = PBXFileReference; lastKnownFileType = sourcecode.swift; path = SceneDelegate.swift; sourceTree = "<group>"; };
		8ACB300F25CB5DE800D1E680 /* FoodListViewController.swift */ = {isa = PBXFileReference; lastKnownFileType = sourcecode.swift; path = FoodListViewController.swift; sourceTree = "<group>"; };
		8ACB301225CB5DE800D1E680 /* Base */ = {isa = PBXFileReference; lastKnownFileType = file.storyboard; name = Base; path = Base.lproj/Main.storyboard; sourceTree = "<group>"; };
		8ACB301425CB5DE900D1E680 /* Assets.xcassets */ = {isa = PBXFileReference; lastKnownFileType = folder.assetcatalog; path = Assets.xcassets; sourceTree = "<group>"; };
		8ACB301725CB5DE900D1E680 /* Base */ = {isa = PBXFileReference; lastKnownFileType = file.storyboard; name = Base; path = Base.lproj/LaunchScreen.storyboard; sourceTree = "<group>"; };
		8ACB301925CB5DE900D1E680 /* Info.plist */ = {isa = PBXFileReference; lastKnownFileType = text.plist.xml; path = Info.plist; sourceTree = "<group>"; };
		8ACB303B25CBBA6100D1E680 /* JournalViewController.swift */ = {isa = PBXFileReference; lastKnownFileType = sourcecode.swift; path = JournalViewController.swift; sourceTree = "<group>"; };
		8ACB303F25CBF18900D1E680 /* FoodDetail.swift */ = {isa = PBXFileReference; lastKnownFileType = sourcecode.swift; path = FoodDetail.swift; sourceTree = "<group>"; };
		8ACB304C25CC886800D1E680 /* NutritionPageViewController.swift */ = {isa = PBXFileReference; lastKnownFileType = sourcecode.swift; path = NutritionPageViewController.swift; sourceTree = "<group>"; };
		8ACD433825D1E40F00C953B9 /* DatabaseApi.swift */ = {isa = PBXFileReference; lastKnownFileType = sourcecode.swift; path = DatabaseApi.swift; sourceTree = "<group>"; };
		8ACD433B25D1E81700C953B9 /* BackendData.swift */ = {isa = PBXFileReference; lastKnownFileType = sourcecode.swift; path = BackendData.swift; sourceTree = "<group>"; };
		8ACD434425D1E9FA00C953B9 /* BackEndApiViewController.swift */ = {isa = PBXFileReference; lastKnownFileType = sourcecode.swift; path = BackEndApiViewController.swift; sourceTree = "<group>"; };
		D150C0A73FACC8871061AB3F /* Pods-mindfull-front-end.debug.xcconfig */ = {isa = PBXFileReference; includeInIndex = 1; lastKnownFileType = text.xcconfig; name = "Pods-mindfull-front-end.debug.xcconfig"; path = "Target Support Files/Pods-mindfull-front-end/Pods-mindfull-front-end.debug.xcconfig"; sourceTree = "<group>"; };
/* End PBXFileReference section */

/* Begin PBXFrameworksBuildPhase section */
		8ACB300525CB5DE800D1E680 /* Frameworks */ = {
			isa = PBXFrameworksBuildPhase;
			buildActionMask = 2147483647;
			files = (
				3A8793385108E884F90082ED /* Pods_mindfull_front_end.framework in Frameworks */,
			);
			runOnlyForDeploymentPostprocessing = 0;
		};
/* End PBXFrameworksBuildPhase section */

/* Begin PBXGroup section */
		25E4282EEB3A83474B005567 /* Frameworks */ = {
			isa = PBXGroup;
			children = (
				3F9CA94D7593F074EF124E58 /* Pods_mindfull_front_end.framework */,
			);
			name = Frameworks;
			sourceTree = "<group>";
		};
		8ACB2FFF25CB5DE800D1E680 = {
			isa = PBXGroup;
			children = (
				8ACB300A25CB5DE800D1E680 /* mindfull-front-end */,
				8ACB300925CB5DE800D1E680 /* Products */,
				9DBE7463212C580E3870DFF7 /* Pods */,
				25E4282EEB3A83474B005567 /* Frameworks */,
			);
			sourceTree = "<group>";
		};
		8ACB300925CB5DE800D1E680 /* Products */ = {
			isa = PBXGroup;
			children = (
				8ACB300825CB5DE800D1E680 /* mindfull-front-end.app */,
			);
			name = Products;
			sourceTree = "<group>";
		};
		8ACB300A25CB5DE800D1E680 /* mindfull-front-end */ = {
			isa = PBXGroup;
			children = (
				8ACB300B25CB5DE800D1E680 /* AppDelegate.swift */,
				8ACB300D25CB5DE800D1E680 /* SceneDelegate.swift */,
				8AC89C2E25D6673F00D52100 /* SignInViewController.swift */,
				8AC89C2725D65F1C00D52100 /* UserInfoViewController.swift */,
				8A53AAAE25D73C7400473517 /* UserDetail.swift */,
				8A4D146625D2621400FA67ED /* FoodPageViewController.swift */,
				8ACB303B25CBBA6100D1E680 /* JournalViewController.swift */,
				8ACD433B25D1E81700C953B9 /* BackendData.swift */,
				8ACB303F25CBF18900D1E680 /* FoodDetail.swift */,
				8AC89C0725D4B69800D52100 /* ApiRestActions.swift */,
				8ACD434425D1E9FA00C953B9 /* BackEndApiViewController.swift */,
				8A281F3C25CDF22F00F9E74B /* FoodSearchBarViewController.swift */,
				8ACD433825D1E40F00C953B9 /* DatabaseApi.swift */,
				8ACB300F25CB5DE800D1E680 /* FoodListViewController.swift */,
				8A281F2E25CDCEFE00F9E74B /* NutritionDetailViewController.swift */,
				8ACB304C25CC886800D1E680 /* NutritionPageViewController.swift */,
				8ACB301425CB5DE900D1E680 /* Assets.xcassets */,
				8ACB301125CB5DE800D1E680 /* Main.storyboard */,
				8ACB301625CB5DE900D1E680 /* LaunchScreen.storyboard */,
				8ACB301925CB5DE900D1E680 /* Info.plist */,
			);
			path = "mindfull-front-end";
			sourceTree = "<group>";
		};
		9DBE7463212C580E3870DFF7 /* Pods */ = {
			isa = PBXGroup;
			children = (
				D150C0A73FACC8871061AB3F /* Pods-mindfull-front-end.debug.xcconfig */,
				0022D8765E7D3AC6B1AAF23A /* Pods-mindfull-front-end.release.xcconfig */,
			);
			path = Pods;
			sourceTree = "<group>";
		};
/* End PBXGroup section */

/* Begin PBXNativeTarget section */
		8ACB300725CB5DE800D1E680 /* mindfull-front-end */ = {
			isa = PBXNativeTarget;
			buildConfigurationList = 8ACB301C25CB5DE900D1E680 /* Build configuration list for PBXNativeTarget "mindfull-front-end" */;
			buildPhases = (
				B0DC9D8880ACD210312C910B /* [CP] Check Pods Manifest.lock */,
				8ACB300425CB5DE800D1E680 /* Sources */,
				8ACB300525CB5DE800D1E680 /* Frameworks */,
				8ACB300625CB5DE800D1E680 /* Resources */,
				618084F178458A7C79579773 /* [CP] Embed Pods Frameworks */,
			);
			buildRules = (
			);
			dependencies = (
			);
			name = "mindfull-front-end";
			productName = "mindfull-front-end";
			productReference = 8ACB300825CB5DE800D1E680 /* mindfull-front-end.app */;
			productType = "com.apple.product-type.application";
		};
/* End PBXNativeTarget section */

/* Begin PBXProject section */
		8ACB300025CB5DE800D1E680 /* Project object */ = {
			isa = PBXProject;
			attributes = {
				LastSwiftUpdateCheck = 1240;
				LastUpgradeCheck = 1240;
				TargetAttributes = {
					8ACB300725CB5DE800D1E680 = {
						CreatedOnToolsVersion = 12.4;
					};
				};
			};
			buildConfigurationList = 8ACB300325CB5DE800D1E680 /* Build configuration list for PBXProject "mindfull-front-end" */;
			compatibilityVersion = "Xcode 9.3";
			developmentRegion = en;
			hasScannedForEncodings = 0;
			knownRegions = (
				en,
				Base,
			);
			mainGroup = 8ACB2FFF25CB5DE800D1E680;
			productRefGroup = 8ACB300925CB5DE800D1E680 /* Products */;
			projectDirPath = "";
			projectRoot = "";
			targets = (
				8ACB300725CB5DE800D1E680 /* mindfull-front-end */,
			);
		};
/* End PBXProject section */

/* Begin PBXResourcesBuildPhase section */
		8ACB300625CB5DE800D1E680 /* Resources */ = {
			isa = PBXResourcesBuildPhase;
			buildActionMask = 2147483647;
			files = (
				8ACB301825CB5DE900D1E680 /* LaunchScreen.storyboard in Resources */,
				8ACB301525CB5DE900D1E680 /* Assets.xcassets in Resources */,
				8ACB301325CB5DE800D1E680 /* Main.storyboard in Resources */,
			);
			runOnlyForDeploymentPostprocessing = 0;
		};
/* End PBXResourcesBuildPhase section */

/* Begin PBXShellScriptBuildPhase section */
		618084F178458A7C79579773 /* [CP] Embed Pods Frameworks */ = {
			isa = PBXShellScriptBuildPhase;
			buildActionMask = 2147483647;
			files = (
			);
			inputFileListPaths = (
				"${PODS_ROOT}/Target Support Files/Pods-mindfull-front-end/Pods-mindfull-front-end-frameworks-${CONFIGURATION}-input-files.xcfilelist",
			);
			name = "[CP] Embed Pods Frameworks";
			outputFileListPaths = (
				"${PODS_ROOT}/Target Support Files/Pods-mindfull-front-end/Pods-mindfull-front-end-frameworks-${CONFIGURATION}-output-files.xcfilelist",
			);
			runOnlyForDeploymentPostprocessing = 0;
			shellPath = /bin/sh;
			shellScript = "\"${PODS_ROOT}/Target Support Files/Pods-mindfull-front-end/Pods-mindfull-front-end-frameworks.sh\"\n";
			showEnvVarsInLog = 0;
		};
		B0DC9D8880ACD210312C910B /* [CP] Check Pods Manifest.lock */ = {
			isa = PBXShellScriptBuildPhase;
			buildActionMask = 2147483647;
			files = (
			);
			inputFileListPaths = (
			);
			inputPaths = (
				"${PODS_PODFILE_DIR_PATH}/Podfile.lock",
				"${PODS_ROOT}/Manifest.lock",
			);
			name = "[CP] Check Pods Manifest.lock";
			outputFileListPaths = (
			);
			outputPaths = (
				"$(DERIVED_FILE_DIR)/Pods-mindfull-front-end-checkManifestLockResult.txt",
			);
			runOnlyForDeploymentPostprocessing = 0;
			shellPath = /bin/sh;
			shellScript = "diff \"${PODS_PODFILE_DIR_PATH}/Podfile.lock\" \"${PODS_ROOT}/Manifest.lock\" > /dev/null\nif [ $? != 0 ] ; then\n    # print error to STDERR\n    echo \"error: The sandbox is not in sync with the Podfile.lock. Run 'pod install' or update your CocoaPods installation.\" >&2\n    exit 1\nfi\n# This output is used by Xcode 'outputs' to avoid re-running this script phase.\necho \"SUCCESS\" > \"${SCRIPT_OUTPUT_FILE_0}\"\n";
			showEnvVarsInLog = 0;
		};
/* End PBXShellScriptBuildPhase section */

/* Begin PBXSourcesBuildPhase section */
		8ACB300425CB5DE800D1E680 /* Sources */ = {
			isa = PBXSourcesBuildPhase;
			buildActionMask = 2147483647;
			files = (
				8AC89C2825D65F1C00D52100 /* UserInfoViewController.swift in Sources */,
				8A281F3D25CDF22F00F9E74B /* FoodSearchBarViewController.swift in Sources */,
				8A281F2F25CDCEFE00F9E74B /* NutritionDetailViewController.swift in Sources */,
				8ACB301025CB5DE800D1E680 /* FoodListViewController.swift in Sources */,
				8ACB304D25CC886800D1E680 /* NutritionPageViewController.swift in Sources */,
				8ACB304025CBF18900D1E680 /* FoodDetail.swift in Sources */,
				8ACB303C25CBBA6100D1E680 /* JournalViewController.swift in Sources */,
				8ACB300C25CB5DE800D1E680 /* AppDelegate.swift in Sources */,
				8AC89C2F25D6673F00D52100 /* SignInViewController.swift in Sources */,
				8AC89C0825D4B69800D52100 /* ApiRestActions.swift in Sources */,
				8ACD433925D1E40F00C953B9 /* DatabaseApi.swift in Sources */,
				8ACD434525D1E9FA00C953B9 /* BackEndApiViewController.swift in Sources */,
				8ACB300E25CB5DE800D1E680 /* SceneDelegate.swift in Sources */,
				8A53AAAF25D73C7400473517 /* UserDetail.swift in Sources */,
				8ACD433C25D1E81700C953B9 /* BackendData.swift in Sources */,
				8A4D146725D2621400FA67ED /* FoodPageViewController.swift in Sources */,
			);
			runOnlyForDeploymentPostprocessing = 0;
		};
/* End PBXSourcesBuildPhase section */

/* Begin PBXVariantGroup section */
		8ACB301125CB5DE800D1E680 /* Main.storyboard */ = {
			isa = PBXVariantGroup;
			children = (
				8ACB301225CB5DE800D1E680 /* Base */,
			);
			name = Main.storyboard;
			sourceTree = "<group>";
		};
		8ACB301625CB5DE900D1E680 /* LaunchScreen.storyboard */ = {
			isa = PBXVariantGroup;
			children = (
				8ACB301725CB5DE900D1E680 /* Base */,
			);
			name = LaunchScreen.storyboard;
			sourceTree = "<group>";
		};
/* End PBXVariantGroup section */

/* Begin XCBuildConfiguration section */
		8ACB301A25CB5DE900D1E680 /* Debug */ = {
			isa = XCBuildConfiguration;
			buildSettings = {
				ALWAYS_SEARCH_USER_PATHS = NO;
				CLANG_ANALYZER_NONNULL = YES;
				CLANG_ANALYZER_NUMBER_OBJECT_CONVERSION = YES_AGGRESSIVE;
				CLANG_CXX_LANGUAGE_STANDARD = "gnu++14";
				CLANG_CXX_LIBRARY = "libc++";
				CLANG_ENABLE_MODULES = YES;
				CLANG_ENABLE_OBJC_ARC = YES;
				CLANG_ENABLE_OBJC_WEAK = YES;
				CLANG_WARN_BLOCK_CAPTURE_AUTORELEASING = YES;
				CLANG_WARN_BOOL_CONVERSION = YES;
				CLANG_WARN_COMMA = YES;
				CLANG_WARN_CONSTANT_CONVERSION = YES;
				CLANG_WARN_DEPRECATED_OBJC_IMPLEMENTATIONS = YES;
				CLANG_WARN_DIRECT_OBJC_ISA_USAGE = YES_ERROR;
				CLANG_WARN_DOCUMENTATION_COMMENTS = YES;
				CLANG_WARN_EMPTY_BODY = YES;
				CLANG_WARN_ENUM_CONVERSION = YES;
				CLANG_WARN_INFINITE_RECURSION = YES;
				CLANG_WARN_INT_CONVERSION = YES;
				CLANG_WARN_NON_LITERAL_NULL_CONVERSION = YES;
				CLANG_WARN_OBJC_IMPLICIT_RETAIN_SELF = YES;
				CLANG_WARN_OBJC_LITERAL_CONVERSION = YES;
				CLANG_WARN_OBJC_ROOT_CLASS = YES_ERROR;
				CLANG_WARN_QUOTED_INCLUDE_IN_FRAMEWORK_HEADER = YES;
				CLANG_WARN_RANGE_LOOP_ANALYSIS = YES;
				CLANG_WARN_STRICT_PROTOTYPES = YES;
				CLANG_WARN_SUSPICIOUS_MOVE = YES;
				CLANG_WARN_UNGUARDED_AVAILABILITY = YES_AGGRESSIVE;
				CLANG_WARN_UNREACHABLE_CODE = YES;
				CLANG_WARN__DUPLICATE_METHOD_MATCH = YES;
				COPY_PHASE_STRIP = NO;
				DEBUG_INFORMATION_FORMAT = dwarf;
				ENABLE_STRICT_OBJC_MSGSEND = YES;
				ENABLE_TESTABILITY = YES;
				GCC_C_LANGUAGE_STANDARD = gnu11;
				GCC_DYNAMIC_NO_PIC = NO;
				GCC_NO_COMMON_BLOCKS = YES;
				GCC_OPTIMIZATION_LEVEL = 0;
				GCC_PREPROCESSOR_DEFINITIONS = (
					"DEBUG=1",
					"$(inherited)",
				);
				GCC_WARN_64_TO_32_BIT_CONVERSION = YES;
				GCC_WARN_ABOUT_RETURN_TYPE = YES_ERROR;
				GCC_WARN_UNDECLARED_SELECTOR = YES;
				GCC_WARN_UNINITIALIZED_AUTOS = YES_AGGRESSIVE;
				GCC_WARN_UNUSED_FUNCTION = YES;
				GCC_WARN_UNUSED_VARIABLE = YES;
				IPHONEOS_DEPLOYMENT_TARGET = 14.4;
				MTL_ENABLE_DEBUG_INFO = INCLUDE_SOURCE;
				MTL_FAST_MATH = YES;
				ONLY_ACTIVE_ARCH = YES;
				SDKROOT = iphoneos;
				SWIFT_ACTIVE_COMPILATION_CONDITIONS = DEBUG;
				SWIFT_OPTIMIZATION_LEVEL = "-Onone";
			};
			name = Debug;
		};
		8ACB301B25CB5DE900D1E680 /* Release */ = {
			isa = XCBuildConfiguration;
			buildSettings = {
				ALWAYS_SEARCH_USER_PATHS = NO;
				CLANG_ANALYZER_NONNULL = YES;
				CLANG_ANALYZER_NUMBER_OBJECT_CONVERSION = YES_AGGRESSIVE;
				CLANG_CXX_LANGUAGE_STANDARD = "gnu++14";
				CLANG_CXX_LIBRARY = "libc++";
				CLANG_ENABLE_MODULES = YES;
				CLANG_ENABLE_OBJC_ARC = YES;
				CLANG_ENABLE_OBJC_WEAK = YES;
				CLANG_WARN_BLOCK_CAPTURE_AUTORELEASING = YES;
				CLANG_WARN_BOOL_CONVERSION = YES;
				CLANG_WARN_COMMA = YES;
				CLANG_WARN_CONSTANT_CONVERSION = YES;
				CLANG_WARN_DEPRECATED_OBJC_IMPLEMENTATIONS = YES;
				CLANG_WARN_DIRECT_OBJC_ISA_USAGE = YES_ERROR;
				CLANG_WARN_DOCUMENTATION_COMMENTS = YES;
				CLANG_WARN_EMPTY_BODY = YES;
				CLANG_WARN_ENUM_CONVERSION = YES;
				CLANG_WARN_INFINITE_RECURSION = YES;
				CLANG_WARN_INT_CONVERSION = YES;
				CLANG_WARN_NON_LITERAL_NULL_CONVERSION = YES;
				CLANG_WARN_OBJC_IMPLICIT_RETAIN_SELF = YES;
				CLANG_WARN_OBJC_LITERAL_CONVERSION = YES;
				CLANG_WARN_OBJC_ROOT_CLASS = YES_ERROR;
				CLANG_WARN_QUOTED_INCLUDE_IN_FRAMEWORK_HEADER = YES;
				CLANG_WARN_RANGE_LOOP_ANALYSIS = YES;
				CLANG_WARN_STRICT_PROTOTYPES = YES;
				CLANG_WARN_SUSPICIOUS_MOVE = YES;
				CLANG_WARN_UNGUARDED_AVAILABILITY = YES_AGGRESSIVE;
				CLANG_WARN_UNREACHABLE_CODE = YES;
				CLANG_WARN__DUPLICATE_METHOD_MATCH = YES;
				COPY_PHASE_STRIP = NO;
				DEBUG_INFORMATION_FORMAT = "dwarf-with-dsym";
				ENABLE_NS_ASSERTIONS = NO;
				ENABLE_STRICT_OBJC_MSGSEND = YES;
				GCC_C_LANGUAGE_STANDARD = gnu11;
				GCC_NO_COMMON_BLOCKS = YES;
				GCC_WARN_64_TO_32_BIT_CONVERSION = YES;
				GCC_WARN_ABOUT_RETURN_TYPE = YES_ERROR;
				GCC_WARN_UNDECLARED_SELECTOR = YES;
				GCC_WARN_UNINITIALIZED_AUTOS = YES_AGGRESSIVE;
				GCC_WARN_UNUSED_FUNCTION = YES;
				GCC_WARN_UNUSED_VARIABLE = YES;
				IPHONEOS_DEPLOYMENT_TARGET = 14.4;
				MTL_ENABLE_DEBUG_INFO = NO;
				MTL_FAST_MATH = YES;
				SDKROOT = iphoneos;
				SWIFT_COMPILATION_MODE = wholemodule;
				SWIFT_OPTIMIZATION_LEVEL = "-O";
				VALIDATE_PRODUCT = YES;
			};
			name = Release;
		};
		8ACB301D25CB5DE900D1E680 /* Debug */ = {
			isa = XCBuildConfiguration;
			baseConfigurationReference = D150C0A73FACC8871061AB3F /* Pods-mindfull-front-end.debug.xcconfig */;
			buildSettings = {
				ASSETCATALOG_COMPILER_APPICON_NAME = AppIcon;
				ASSETCATALOG_COMPILER_GLOBAL_ACCENT_COLOR_NAME = AccentColor;
				CODE_SIGN_STYLE = Automatic;
				DEVELOPMENT_TEAM = 3BKPFQNAAR;
				INFOPLIST_FILE = "mindfull-front-end/Info.plist";
				LD_RUNPATH_SEARCH_PATHS = (
					"$(inherited)",
					"@executable_path/Frameworks",
				);
				PRODUCT_BUNDLE_IDENTIFIER = "org.adadevelopersacademy.mindfull-front-end";
				PRODUCT_NAME = "$(TARGET_NAME)";
				SWIFT_VERSION = 5.0;
				TARGETED_DEVICE_FAMILY = "1,2";
			};
			name = Debug;
		};
		8ACB301E25CB5DE900D1E680 /* Release */ = {
			isa = XCBuildConfiguration;
			baseConfigurationReference = 0022D8765E7D3AC6B1AAF23A /* Pods-mindfull-front-end.release.xcconfig */;
			buildSettings = {
				ASSETCATALOG_COMPILER_APPICON_NAME = AppIcon;
				ASSETCATALOG_COMPILER_GLOBAL_ACCENT_COLOR_NAME = AccentColor;
				CODE_SIGN_STYLE = Automatic;
				DEVELOPMENT_TEAM = 3BKPFQNAAR;
				INFOPLIST_FILE = "mindfull-front-end/Info.plist";
				LD_RUNPATH_SEARCH_PATHS = (
					"$(inherited)",
					"@executable_path/Frameworks",
				);
				PRODUCT_BUNDLE_IDENTIFIER = "org.adadevelopersacademy.mindfull-front-end";
				PRODUCT_NAME = "$(TARGET_NAME)";
				SWIFT_VERSION = 5.0;
				TARGETED_DEVICE_FAMILY = "1,2";
			};
			name = Release;
		};
/* End XCBuildConfiguration section */

/* Begin XCConfigurationList section */
		8ACB300325CB5DE800D1E680 /* Build configuration list for PBXProject "mindfull-front-end" */ = {
			isa = XCConfigurationList;
			buildConfigurations = (
				8ACB301A25CB5DE900D1E680 /* Debug */,
				8ACB301B25CB5DE900D1E680 /* Release */,
			);
			defaultConfigurationIsVisible = 0;
			defaultConfigurationName = Release;
		};
		8ACB301C25CB5DE900D1E680 /* Build configuration list for PBXNativeTarget "mindfull-front-end" */ = {
			isa = XCConfigurationList;
			buildConfigurations = (
				8ACB301D25CB5DE900D1E680 /* Debug */,
				8ACB301E25CB5DE900D1E680 /* Release */,
			);
			defaultConfigurationIsVisible = 0;
			defaultConfigurationName = Release;
		};
/* End XCConfigurationList section */
	};
	rootObject = 8ACB300025CB5DE800D1E680 /* Project object */;
}
